# THIS IS AN AUTOGENERATED FILE. DO NOT EDIT THIS FILE DIRECTLY.
# yarn lockfile v1


"@babel/runtime@^7.3.1", "@babel/runtime@^7.4.4", "@babel/runtime@^7.5.5", "@babel/runtime@^7.8.3", "@babel/runtime@^7.8.7":
  "integrity" "sha512-plcc+hbExy3McchJCEQG3knOsuh3HH+Prx1P6cLIkET/0dLuQDEnrT+s27Axgc9bqfsmNUNHfscgMUdBpC9xfg=="
  "resolved" "https://registry.npmjs.org/@babel/runtime/-/runtime-7.12.5.tgz"
  "version" "7.12.5"
  dependencies:
    "regenerator-runtime" "^0.13.4"

"@emotion/hash@^0.8.0":
  "integrity" "sha512-kBJtf7PH6aWwZ6fka3zQ0p6SBYzx4fl1LoZXE2RrnYST9Xljm7WfKJrU4g/Xr3Beg72MLrp1AWNUmuYJTL7Cow=="
  "resolved" "https://registry.npmjs.org/@emotion/hash/-/hash-0.8.0.tgz"
  "version" "0.8.0"

"@fortawesome/fontawesome-common-types@^0.2.32":
  "integrity" "sha512-ux2EDjKMpcdHBVLi/eWZynnPxs0BtFVXJkgHIxXRl+9ZFaHPvYamAfCzeeQFqHRjuJtX90wVnMRaMQAAlctz3w=="
  "resolved" "https://registry.npmjs.org/@fortawesome/fontawesome-common-types/-/fontawesome-common-types-0.2.32.tgz"
  "version" "0.2.32"

"@fortawesome/fontawesome-svg-core@^1.2.20", "@fortawesome/fontawesome-svg-core@^1.2.32":
  "integrity" "sha512-XjqyeLCsR/c/usUpdWcOdVtWFVjPbDFBTQkn2fQRrWhhUoxriQohO2RWDxLyUM8XpD+Zzg5xwJ8gqTYGDLeGaQ=="
  "resolved" "https://registry.npmjs.org/@fortawesome/fontawesome-svg-core/-/fontawesome-svg-core-1.2.32.tgz"
  "version" "1.2.32"
  dependencies:
    "@fortawesome/fontawesome-common-types" "^0.2.32"

"@fortawesome/free-brands-svg-icons@^5.15.1":
  "integrity" "sha512-pkTZIWn7iuliCCgV+huDfZmZb2UjslalXGDA2PcqOVUYJmYL11y6ooFiMJkJvUZu+xgAc1gZgQe+Px12mZF0CA=="
  "resolved" "https://registry.npmjs.org/@fortawesome/free-brands-svg-icons/-/free-brands-svg-icons-5.15.1.tgz"
  "version" "5.15.1"
  dependencies:
    "@fortawesome/fontawesome-common-types" "^0.2.32"

"@fortawesome/free-regular-svg-icons@^5.15.1":
  "integrity" "sha512-eD9NWFy89e7SVVtrLedJUxIpCBGhd4x7s7dhesokjyo1Tw62daqN5UcuAGu1NrepLLq1IeAYUVfWwnOjZ/j3HA=="
  "resolved" "https://registry.npmjs.org/@fortawesome/free-regular-svg-icons/-/free-regular-svg-icons-5.15.1.tgz"
  "version" "5.15.1"
  dependencies:
    "@fortawesome/fontawesome-common-types" "^0.2.32"

"@fortawesome/react-fontawesome@^0.1.12":
  "integrity" "sha512-kV6HtqotM3K4YIXlTVvomuIi6QgGCvYm++ImyEx2wwgmSppZ6kbbA29ASwjAUBD63j2OFU0yoxeXpZkjrrX0qQ=="
  "resolved" "https://registry.npmjs.org/@fortawesome/react-fontawesome/-/react-fontawesome-0.1.12.tgz"
  "version" "0.1.12"
  dependencies:
    "prop-types" "^15.7.2"

"@material-ui/core@^4.11.0":
  "integrity" "sha512-bYo9uIub8wGhZySHqLQ833zi4ZML+XCBE1XwJ8EuUVSpTWWG57Pm+YugQToJNFsEyiKFhPh8DPD0bgupz8n01g=="
  "resolved" "https://registry.npmjs.org/@material-ui/core/-/core-4.11.0.tgz"
  "version" "4.11.0"
  dependencies:
    "@babel/runtime" "^7.4.4"
    "@material-ui/styles" "^4.10.0"
    "@material-ui/system" "^4.9.14"
    "@material-ui/types" "^5.1.0"
    "@material-ui/utils" "^4.10.2"
    "@types/react-transition-group" "^4.2.0"
    "clsx" "^1.0.4"
    "hoist-non-react-statics" "^3.3.2"
    "popper.js" "1.16.1-lts"
    "prop-types" "^15.7.2"
    "react-is" "^16.8.0"
    "react-transition-group" "^4.4.0"

"@material-ui/styles@^4.10.0":
  "integrity" "sha512-XPwiVTpd3rlnbfrgtEJ1eJJdFCXZkHxy8TrdieaTvwxNYj42VnnCyFzxYeNW9Lhj4V1oD8YtQ6S5Gie7bZDf7Q=="
  "resolved" "https://registry.npmjs.org/@material-ui/styles/-/styles-4.10.0.tgz"
  "version" "4.10.0"
  dependencies:
    "@babel/runtime" "^7.4.4"
    "@emotion/hash" "^0.8.0"
    "@material-ui/types" "^5.1.0"
    "@material-ui/utils" "^4.9.6"
    "clsx" "^1.0.4"
    "csstype" "^2.5.2"
    "hoist-non-react-statics" "^3.3.2"
    "jss" "^10.0.3"
    "jss-plugin-camel-case" "^10.0.3"
    "jss-plugin-default-unit" "^10.0.3"
    "jss-plugin-global" "^10.0.3"
    "jss-plugin-nested" "^10.0.3"
    "jss-plugin-props-sort" "^10.0.3"
    "jss-plugin-rule-value-function" "^10.0.3"
    "jss-plugin-vendor-prefixer" "^10.0.3"
    "prop-types" "^15.7.2"

"@material-ui/system@^4.9.14":
  "integrity" "sha512-oQbaqfSnNlEkXEziDcJDDIy8pbvwUmZXWNqlmIwDqr/ZdCK8FuV3f4nxikUh7hvClKV2gnQ9djh5CZFTHkZj3w=="
  "resolved" "https://registry.npmjs.org/@material-ui/system/-/system-4.9.14.tgz"
  "version" "4.9.14"
  dependencies:
    "@babel/runtime" "^7.4.4"
    "@material-ui/utils" "^4.9.6"
    "csstype" "^2.5.2"
    "prop-types" "^15.7.2"

"@material-ui/types@^5.1.0":
  "integrity" "sha512-7cqRjrY50b8QzRSYyhSpx4WRw2YuO0KKIGQEVk5J8uoz2BanawykgZGoWEqKm7pVIbzFDN0SpPcVV4IhOFkl8A=="
  "resolved" "https://registry.npmjs.org/@material-ui/types/-/types-5.1.0.tgz"
  "version" "5.1.0"

"@material-ui/utils@^4.10.2", "@material-ui/utils@^4.9.6":
  "integrity" "sha512-eg29v74P7W5r6a4tWWDAAfZldXIzfyO1am2fIsC39hdUUHm/33k6pGOKPbgDjg/U/4ifmgAePy/1OjkKN6rFRw=="
  "resolved" "https://registry.npmjs.org/@material-ui/utils/-/utils-4.10.2.tgz"
  "version" "4.10.2"
  dependencies:
    "@babel/runtime" "^7.4.4"
    "prop-types" "^15.7.2"
    "react-is" "^16.8.0"

"@next/env@12.1.6":
  "integrity" "sha512-Te/OBDXFSodPU6jlXYPAXpmZr/AkG6DCATAxttQxqOWaq6eDFX25Db3dK0120GZrSZmv4QCe9KsZmJKDbWs4OA=="
  "resolved" "https://registry.npmjs.org/@next/env/-/env-12.1.6.tgz"
  "version" "12.1.6"

"@next/swc-win32-x64-msvc@12.1.6":
  "integrity" "sha512-4ZEwiRuZEicXhXqmhw3+de8Z4EpOLQj/gp+D9fFWo6ii6W1kBkNNvvEx4A90ugppu+74pT1lIJnOuz3A9oQeJA=="
  "resolved" "https://registry.npmjs.org/@next/swc-win32-x64-msvc/-/swc-win32-x64-msvc-12.1.6.tgz"
  "version" "12.1.6"

"@types/node@^14.14.6":
  "integrity" "sha512-6QlRuqsQ/Ox/aJEQWBEJG7A9+u7oSYl3mem/K8IzxXG/kAGbV1YPD9Bg9Zw3vyxC/YP+zONKwy8hGkSt1jxFMw=="
  "resolved" "https://registry.npmjs.org/@types/node/-/node-14.14.6.tgz"
  "version" "14.14.6"

"@types/prop-types@*":
  "integrity" "sha512-KfRL3PuHmqQLOG+2tGpRO26Ctg+Cq1E01D2DMriKEATHgWLfeNDmq9e29Q9WIky0dQ3NPkd1mzYH8Lm936Z9qw=="
  "resolved" "https://registry.npmjs.org/@types/prop-types/-/prop-types-15.7.3.tgz"
  "version" "15.7.3"

"@types/react-transition-group@^4.2.0":
  "integrity" "sha512-/QfLHGpu+2fQOqQaXh8MG9q03bFENooTb/it4jr5kKaZlDQfWvjqWZg48AwzPVMBHlRuTRAY7hRHCEOXz5kV6w=="
  "resolved" "https://registry.npmjs.org/@types/react-transition-group/-/react-transition-group-4.4.0.tgz"
  "version" "4.4.0"
  dependencies:
    "@types/react" "*"

"@types/react@*", "@types/react@^16.8.6", "@types/react@^16.9.55":
  "integrity" "sha512-gIkl4J44G/qxbuC6r2Xh+D3CGZpJ+NdWTItAPmZbR5mUS+JQ8Zvzpl0ea5qT/ZT3ZNTUcDKUVqV3xBE8wv/DyQ=="
  "resolved" "https://registry.npmjs.org/@types/react/-/react-16.9.56.tgz"
  "version" "16.9.56"
  dependencies:
    "@types/prop-types" "*"
    "csstype" "^3.0.2"

"axios@^0.21.1":
  "integrity" "sha512-ut5vewkiu8jjGBdqpM44XxjuCjq9LAKeHVmoVfHVzy8eHgxxq8SbAVQNovDA8mVi05kP0Ea/n/UzcSHcTJQfNg=="
  "resolved" "https://registry.npmjs.org/axios/-/axios-0.21.4.tgz"
  "version" "0.21.4"
  dependencies:
    "follow-redirects" "^1.14.0"

"caniuse-lite@^1.0.30001332":
  "integrity" "sha512-1gLHWyfVoRDsHieO+CaeYe7jSo/MT7D7lhaXUiwwbuR5BwQxORs0f1tAwUSQr3YbxRXJvxHM/PA5FfPQRnsPeQ=="
  "resolved" "https://registry.npmjs.org/caniuse-lite/-/caniuse-lite-1.0.30001338.tgz"
  "version" "1.0.30001338"

"clsx@^1.0.4":
  "integrity" "sha512-6/bPho624p3S2pMyvP5kKBPXnI3ufHLObBFCfgx+LkeR5lg2XYy2hqZqUf45ypD8COn2bhgGJSUE+l5dhNBieA=="
  "resolved" "https://registry.npmjs.org/clsx/-/clsx-1.1.1.tgz"
  "version" "1.1.1"

"copy-to-clipboard@^3.3.1":
  "integrity" "sha512-i13qo6kIHTTpCm8/Wup+0b1mVWETvu2kIMzKoK8FpkLkFxlt0znUAHcMzox+T8sPlqtZXq3CulEjQHsYiGFJUw=="
  "resolved" "https://registry.npmjs.org/copy-to-clipboard/-/copy-to-clipboard-3.3.1.tgz"
  "version" "3.3.1"
  dependencies:
    "toggle-selection" "^1.0.6"

"css-vendor@^2.0.8":
  "integrity" "sha512-x9Aq0XTInxrkuFeHKbYC7zWY8ai7qJ04Kxd9MnvbC1uO5DagxoHQjm4JvG+vCdXOoFtCjbL2XSZfxmoYa9uQVQ=="
  "resolved" "https://registry.npmjs.org/css-vendor/-/css-vendor-2.0.8.tgz"
  "version" "2.0.8"
  dependencies:
    "@babel/runtime" "^7.8.3"
    "is-in-browser" "^1.0.2"

"csstype@^2.5.2":
  "integrity" "sha512-ul26pfSQTZW8dcOnD2iiJssfXw0gdNVX9IJDH/X3K5DGPfj+fUYe3kB+swUY6BF3oZDxaID3AJt+9/ojSAE05A=="
  "resolved" "https://registry.npmjs.org/csstype/-/csstype-2.6.13.tgz"
  "version" "2.6.13"

"csstype@^3.0.2":
  "integrity" "sha512-xc8DUsCLmjvCfoD7LTGE0ou2MIWLx0K9RCZwSHMOdynqRsP4MtUcLeqh1HcQ2dInwDTqn+3CE0/FZh1et+p4jA=="
  "resolved" "https://registry.npmjs.org/csstype/-/csstype-3.0.4.tgz"
  "version" "3.0.4"

"dom-helpers@^5.0.1":
  "integrity" "sha512-Ru5o9+V8CpunKnz5LGgWXkmrH/20cGKwcHwS4m73zIvs54CN9epEmT/HLqFJW3kXpakAFkEdzgy1hzlJe3E4OQ=="
  "resolved" "https://registry.npmjs.org/dom-helpers/-/dom-helpers-5.2.0.tgz"
  "version" "5.2.0"
  dependencies:
    "@babel/runtime" "^7.8.7"
    "csstype" "^3.0.2"

"follow-redirects@^1.14.0":
  "integrity" "sha512-aExlJShTV4qOUOL7yF1U5tvLCB0xQuudbf6toyYA0E/acBNw71mvjFTnLaRp50aQaYocMR0a/RMMBIHeZnGyjQ=="
  "resolved" "https://registry.npmjs.org/follow-redirects/-/follow-redirects-1.15.0.tgz"
  "version" "1.15.0"

"hoist-non-react-statics@^3.3.2":
  "integrity" "sha512-/gGivxi8JPKWNm/W0jSmzcMPpfpPLc3dY/6GxhX2hQ9iGj3aDfklV4ET7NjKpSinLpJ5vafa9iiGIEZg10SfBw=="
  "resolved" "https://registry.npmjs.org/hoist-non-react-statics/-/hoist-non-react-statics-3.3.2.tgz"
  "version" "3.3.2"
  dependencies:
    "react-is" "^16.7.0"

"hyphenate-style-name@^1.0.3":
  "integrity" "sha512-ygGZLjmXfPHj+ZWh6LwbC37l43MhfztxetbFCoYTM2VjkIUpeHgSNn7QIyVFj7YQ1Wl9Cbw5sholVJPzWvC2MQ=="
  "resolved" "https://registry.npmjs.org/hyphenate-style-name/-/hyphenate-style-name-1.0.4.tgz"
  "version" "1.0.4"

"is-in-browser@^1.0.2", "is-in-browser@^1.1.3":
  "integrity" "sha1-Vv9NtoOgeMYILrldrX3GLh0E+DU="
  "resolved" "https://registry.npmjs.org/is-in-browser/-/is-in-browser-1.1.3.tgz"
  "version" "1.1.3"

"js-tokens@^3.0.0 || ^4.0.0":
  "integrity" "sha512-RdJUflcE3cUzKiMqQgsCu06FPu9UdIJO0beYbPhHN4k6apgJtifcoCtT9bcxOpYBtpD2kCM6Sbzg4CausW/PKQ=="
  "resolved" "https://registry.npmjs.org/js-tokens/-/js-tokens-4.0.0.tgz"
  "version" "4.0.0"

"jss-plugin-camel-case@^10.0.3":
  "integrity" "sha512-9oDjsQ/AgdBbMyRjc06Kl3P8lDCSEts2vYZiPZfGAxbGCegqE4RnMob3mDaBby5H9vL9gWmyyImhLRWqIkRUCw=="
  "resolved" "https://registry.npmjs.org/jss-plugin-camel-case/-/jss-plugin-camel-case-10.4.0.tgz"
  "version" "10.4.0"
  dependencies:
    "@babel/runtime" "^7.3.1"
    "hyphenate-style-name" "^1.0.3"
    "jss" "10.4.0"

"jss-plugin-default-unit@^10.0.3":
  "integrity" "sha512-BYJ+Y3RUYiMEgmlcYMLqwbA49DcSWsGgHpVmEEllTC8MK5iJ7++pT9TnKkKBnNZZxTV75ycyFCR5xeLSOzVm4A=="
  "resolved" "https://registry.npmjs.org/jss-plugin-default-unit/-/jss-plugin-default-unit-10.4.0.tgz"
  "version" "10.4.0"
  dependencies:
    "@babel/runtime" "^7.3.1"
    "jss" "10.4.0"

"jss-plugin-global@^10.0.3":
  "integrity" "sha512-b8IHMJUmv29cidt3nI4bUI1+Mo5RZE37kqthaFpmxf5K7r2aAegGliAw4hXvA70ca6ckAoXMUl4SN/zxiRcRag=="
  "resolved" "https://registry.npmjs.org/jss-plugin-global/-/jss-plugin-global-10.4.0.tgz"
  "version" "10.4.0"
  dependencies:
    "@babel/runtime" "^7.3.1"
    "jss" "10.4.0"

"jss-plugin-nested@^10.0.3":
  "integrity" "sha512-cKgpeHIxAP0ygeWh+drpLbrxFiak6zzJ2toVRi/NmHbpkNaLjTLgePmOz5+67ln3qzJiPdXXJB1tbOyYKAP4Pw=="
  "resolved" "https://registry.npmjs.org/jss-plugin-nested/-/jss-plugin-nested-10.4.0.tgz"
  "version" "10.4.0"
  dependencies:
    "@babel/runtime" "^7.3.1"
    "jss" "10.4.0"
    "tiny-warning" "^1.0.2"

"jss-plugin-props-sort@^10.0.3":
  "integrity" "sha512-j/t0R40/2fp+Nzt6GgHeUFnHVY2kPGF5drUVlgkcwYoHCgtBDOhTTsOfdaQFW6sHWfoQYgnGV4CXdjlPiRrzwA=="
  "resolved" "https://registry.npmjs.org/jss-plugin-props-sort/-/jss-plugin-props-sort-10.4.0.tgz"
  "version" "10.4.0"
  dependencies:
    "@babel/runtime" "^7.3.1"
    "jss" "10.4.0"

"jss-plugin-rule-value-function@^10.0.3":
  "integrity" "sha512-w8504Cdfu66+0SJoLkr6GUQlEb8keHg8ymtJXdVHWh0YvFxDG2l/nS93SI5Gfx0fV29dO6yUugXnKzDFJxrdFQ=="
  "resolved" "https://registry.npmjs.org/jss-plugin-rule-value-function/-/jss-plugin-rule-value-function-10.4.0.tgz"
  "version" "10.4.0"
  dependencies:
    "@babel/runtime" "^7.3.1"
    "jss" "10.4.0"
    "tiny-warning" "^1.0.2"

"jss-plugin-vendor-prefixer@^10.0.3":
  "integrity" "sha512-DpF+/a+GU8hMh/948sBGnKSNfKkoHg2p9aRFUmyoyxgKjOeH9n74Ht3Yt8lOgdZsuWNJbPrvaa3U4PXKwxVpTQ=="
  "resolved" "https://registry.npmjs.org/jss-plugin-vendor-prefixer/-/jss-plugin-vendor-prefixer-10.4.0.tgz"
  "version" "10.4.0"
  dependencies:
    "@babel/runtime" "^7.3.1"
    "css-vendor" "^2.0.8"
    "jss" "10.4.0"

"jss@^10.0.3", "jss@10.4.0":
  "integrity" "sha512-l7EwdwhsDishXzqTc3lbsbyZ83tlUl5L/Hb16pHCvZliA9lRDdNBZmHzeJHP0sxqD0t1mrMmMR8XroR12JBYzw=="
  "resolved" "https://registry.npmjs.org/jss/-/jss-10.4.0.tgz"
  "version" "10.4.0"
  dependencies:
    "@babel/runtime" "^7.3.1"
    "csstype" "^3.0.2"
    "is-in-browser" "^1.1.3"
    "tiny-warning" "^1.0.2"

"loose-envify@^1.1.0", "loose-envify@^1.4.0":
  "integrity" "sha512-lyuxPGr/Wfhrlem2CL/UcnUc1zcqKAImBDzukY7Y5F/yQiNdko6+fRLevlw1HgMySw7f611UIY408EtxRSoK3Q=="
  "resolved" "https://registry.npmjs.org/loose-envify/-/loose-envify-1.4.0.tgz"
  "version" "1.4.0"
  dependencies:
    "js-tokens" "^3.0.0 || ^4.0.0"

"nanoid@^3.1.30":
  "integrity" "sha512-MqBkQh/OHTS2egovRtLk45wEyNXwF+cokD+1YPf9u5VfJiRdAiRwB2froX5Co9Rh20xs4siNPm8naNotSD6RBw=="
  "resolved" "https://registry.npmjs.org/nanoid/-/nanoid-3.3.4.tgz"
  "version" "3.3.4"

"next@^12.1.6":
  "integrity" "sha512-cebwKxL3/DhNKfg9tPZDQmbRKjueqykHHbgaoG4VBRH3AHQJ2HO0dbKFiS1hPhe1/qgc2d/hFeadsbPicmLD+A=="
  "resolved" "https://registry.npmjs.org/next/-/next-12.1.6.tgz"
  "version" "12.1.6"
  dependencies:
    "@next/env" "12.1.6"
    "caniuse-lite" "^1.0.30001332"
    "postcss" "8.4.5"
    "styled-jsx" "5.0.2"
  optionalDependencies:
    "@next/swc-android-arm-eabi" "12.1.6"
    "@next/swc-android-arm64" "12.1.6"
    "@next/swc-darwin-arm64" "12.1.6"
    "@next/swc-darwin-x64" "12.1.6"
    "@next/swc-linux-arm-gnueabihf" "12.1.6"
    "@next/swc-linux-arm64-gnu" "12.1.6"
    "@next/swc-linux-arm64-musl" "12.1.6"
    "@next/swc-linux-x64-gnu" "12.1.6"
    "@next/swc-linux-x64-musl" "12.1.6"
    "@next/swc-win32-arm64-msvc" "12.1.6"
    "@next/swc-win32-ia32-msvc" "12.1.6"
    "@next/swc-win32-x64-msvc" "12.1.6"

"object-assign@^4.1.1":
  "integrity" "sha1-IQmtx5ZYh8/AXLvUQsrIv7s2CGM="
  "resolved" "https://registry.npmjs.org/object-assign/-/object-assign-4.1.1.tgz"
  "version" "4.1.1"

"picocolors@^1.0.0":
  "integrity" "sha512-1fygroTLlHu66zi26VoTDv8yRgm0Fccecssto+MhsZ0D/DGW2sm8E8AjW7NU5VVTRt5GxbeZ5qBuJr+HyLYkjQ=="
  "resolved" "https://registry.npmjs.org/picocolors/-/picocolors-1.0.0.tgz"
  "version" "1.0.0"

"popper.js@1.16.1-lts":
  "integrity" "sha512-Kjw8nKRl1m+VrSFCoVGPph93W/qrSO7ZkqPpTf7F4bk/sqcfWK019dWBUpE/fBOsOQY1dks/Bmcbfn1heM/IsA=="
  "resolved" "https://registry.npmjs.org/popper.js/-/popper.js-1.16.1-lts.tgz"
  "version" "1.16.1-lts"

"postcss@8.4.5":
  "integrity" "sha512-jBDboWM8qpaqwkMwItqTQTiFikhs/67OYVvblFFTM7MrZjt6yMKd6r2kgXizEbTTljacm4NldIlZnhbjr84QYg=="
  "resolved" "https://registry.npmjs.org/postcss/-/postcss-8.4.5.tgz"
  "version" "8.4.5"
  dependencies:
    "nanoid" "^3.1.30"
    "picocolors" "^1.0.0"
    "source-map-js" "^1.0.1"

"prettier@^2.1.2":
  "integrity" "sha512-16c7K+x4qVlJg9rEbXl7HEGmQyZlG4R9AgP+oHKRMsMsuk8s+ATStlf1NpDqyBI1HpVyfjLOeMhH2LvuNvV5Vg=="
  "resolved" "https://registry.npmjs.org/prettier/-/prettier-2.1.2.tgz"
  "version" "2.1.2"

"prop-types@^15.6.2", "prop-types@^15.7.2":
  "integrity" "sha512-8QQikdH7//R2vurIJSutZ1smHYTcLpRWEOlHnzcWHmBYrOGUysKwSsrC89BCiFj3CbrfJ/nXFdJepOVrY1GCHQ=="
  "resolved" "https://registry.npmjs.org/prop-types/-/prop-types-15.7.2.tgz"
  "version" "15.7.2"
  dependencies:
    "loose-envify" "^1.4.0"
    "object-assign" "^4.1.1"
    "react-is" "^16.8.1"

"react-dom@^16.8.0", "react-dom@^17.0.2 || ^18.0.0-0", "react-dom@>=16.6.0", "react-dom@17.0.1":
  "integrity" "sha512-6eV150oJZ9U2t9svnsspTMrWNyHc6chX0KzDeAOXftRa8bNeOKTTfCJ7KorIwenkHd2xqVTBTCZd79yk/lx/Ug=="
  "resolved" "https://registry.npmjs.org/react-dom/-/react-dom-17.0.1.tgz"
  "version" "17.0.1"
  dependencies:
    "loose-envify" "^1.1.0"
    "object-assign" "^4.1.1"
    "scheduler" "^0.20.1"

"react-is@^16.7.0", "react-is@^16.8.0", "react-is@^16.8.1":
  "integrity" "sha512-24e6ynE2H+OKt4kqsOvNd8kBpV65zoxbA4BVsEOB3ARVWQki/DHzaUoC5KuON/BiccDaCCTZBuOcfZs70kR8bQ=="
  "resolved" "https://registry.npmjs.org/react-is/-/react-is-16.13.1.tgz"
  "version" "16.13.1"

"react-transition-group@^4.4.0":
  "integrity" "sha512-Djqr7OQ2aPUiYurhPalTrVy9ddmFCCzwhqQmtN+J3+3DzLO209Fdr70QrN8Z3DsglWql6iY1lDWAfpFiBtuKGw=="
  "resolved" "https://registry.npmjs.org/react-transition-group/-/react-transition-group-4.4.1.tgz"
  "version" "4.4.1"
  dependencies:
    "@babel/runtime" "^7.5.5"
    "dom-helpers" "^5.0.1"
    "loose-envify" "^1.4.0"
    "prop-types" "^15.6.2"

"react@^16.8.0", "react@^17.0.2 || ^18.0.0-0", "react@>= 16.8.0 || 17.x.x || ^18.0.0-0", "react@>=16.6.0", "react@>=16.x", "react@17.0.1":
  "integrity" "sha512-lG9c9UuMHdcAexXtigOZLX8exLWkW0Ku29qPRU8uhF2R9BN96dLCt0psvzPLlHc5OWkgymP3qwTRgbnw5BKx3w=="
  "resolved" "https://registry.npmjs.org/react/-/react-17.0.1.tgz"
  "version" "17.0.1"
  dependencies:
    "loose-envify" "^1.1.0"
    "object-assign" "^4.1.1"

"regenerator-runtime@^0.13.4":
  "integrity" "sha512-a54FxoJDIr27pgf7IgeQGxmqUNYrcV338lf/6gH456HZ/PhX+5BcwHXG9ajESmwe6WRO0tAzRUrRmNONWgkrew=="
  "resolved" "https://registry.npmjs.org/regenerator-runtime/-/regenerator-runtime-0.13.7.tgz"
  "version" "0.13.7"

"rxjs@^6.6.3":
  "integrity" "sha512-trsQc+xYYXZ3urjOiJOuCOa5N3jAZ3eiSpQB5hIT8zGlL2QfnHLJ2r7GMkBGuIausdJN1OneaI6gQlsqNHHmZQ=="
  "resolved" "https://registry.npmjs.org/rxjs/-/rxjs-6.6.3.tgz"
  "version" "6.6.3"
  dependencies:
    "tslib" "^1.9.0"

"scheduler@^0.20.1":
  "integrity" "sha512-LKTe+2xNJBNxu/QhHvDR14wUXHRQbVY5ZOYpOGWRzhydZUqrLb2JBvLPY7cAqFmqrWuDED0Mjk7013SZiOz6Bw=="
  "resolved" "https://registry.npmjs.org/scheduler/-/scheduler-0.20.1.tgz"
  "version" "0.20.1"
  dependencies:
    "loose-envify" "^1.1.0"
    "object-assign" "^4.1.1"

"source-map-js@^1.0.1":
  "integrity" "sha512-R0XvVJ9WusLiqTCEiGCmICCMplcCkIwwR11mOSD9CR5u+IXYdiseeEuXCVAjS54zqwkLcPNnmU4OeJ6tUrWhDw=="
  "resolved" "https://registry.npmjs.org/source-map-js/-/source-map-js-1.0.2.tgz"
  "version" "1.0.2"

"styled-jsx@5.0.2":
  "integrity" "sha512-LqPQrbBh3egD57NBcHET4qcgshPks+yblyhPlH2GY8oaDgKs8SK4C3dBh3oSJjgzJ3G5t1SYEZGHkP+QEpX9EQ=="
  "resolved" "https://registry.npmjs.org/styled-jsx/-/styled-jsx-5.0.2.tgz"
  "version" "5.0.2"

"tiny-warning@^1.0.2":
  "integrity" "sha512-lBN9zLN/oAf68o3zNXYrdCt1kP8WsiGW8Oo2ka41b2IM5JL/S1CTyX1rW0mb/zSuJun0ZUrDxx4sqvYS2FWzPA=="
  "resolved" "https://registry.npmjs.org/tiny-warning/-/tiny-warning-1.0.3.tgz"
  "version" "1.0.3"

"toggle-selection@^1.0.6":
  "integrity" "sha1-bkWxJj8gF/oKzH2J14sVuL932jI="
  "resolved" "https://registry.npmjs.org/toggle-selection/-/toggle-selection-1.0.6.tgz"
  "version" "1.0.6"

"tslib@^1.9.0":
  "integrity" "sha512-Xni35NKzjgMrwevysHTCArtLDpPvye8zV/0E4EyYn43P7/7qvQwPh9BGkHewbMulVntbigmcT7rdX3BNo9wRJg=="
  "resolved" "https://registry.npmjs.org/tslib/-/tslib-1.14.1.tgz"
  "version" "1.14.1"

"typescript@^4.0.5":
  "integrity" "sha512-ywmr/VrTVCmNTJ6iV2LwIrfG1P+lv6luD8sUJs+2eI9NLGigaN+nUQc13iHqisq7bra9lnmUSYqbJvegraBOPQ=="
  "resolved" "https://registry.npmjs.org/typescript/-/typescript-4.0.5.tgz"
  "version" "4.0.5"
